Microsoft Visual Studio Solution File, Format Version 8.00
Project("{FAE04EC0-301F-11D3-BF4B-00C04F79EFBC}") = "DBSpeedTest", "DBSpeedTest.csproj", "{CFC0E5BA-B217-4545-AB5E-D965E6A9A37B}"
	ProjectSection(ProjectDependencies) = postProject
	EndProjectSection
EndProject
Global
	GlobalSection(SolutionConfiguration) = preSolution
		Debug = Debug
		Release = Release
	EndGlobalSection
	GlobalSection(ProjectConfiguration) = postSolution
		{CFC0E5BA-B217-4545-AB5E-D965E6A9A37B}.Debug.ActiveCfg = Debug|.NET
		{CFC0E5BA-B217-4545-AB5E-D965E6A9A37B}.Debug.Build.0 = Debug|.NET
		{CFC0E5BA-B217-4545-AB5E-D965E6A9A37B}.Release.ActiveCfg = Release|.NET
		{CFC0E5BA-B217-4545-AB5E-D965E6A9A37B}.Release.Build.0 = Release|.NET
	EndGlobalSection
	GlobalSection(ExtensibilityGlobals) = postSolution
	EndGlobalSection
	GlobalSection(ExtensibilityAddIns) = postSolution
	EndGlobalSection
EndGlobal
